
Microsoft Visual Studio Solution File, Format Version 12.00
# Visual Studio Version 17
VisualStudioVersion = 17.0.31903.59
MinimumVisualStudioVersion = 10.0.40219.1
Project("{8BC9CEB8-8B4A-11D0-8D11-00A0C91BC942}") = "AmsiProvider", "AmsiProvider.vcxproj", "{58B32FCA-F385-4500-9A8E-7CBA1FC9BA13}"
EndProject
Project("{9A19103F-16F7-4668-BE54-9A1E7A4F7556}") = "Engine", "Engine\Engine.csproj", "{DE30D5C1-83DC-4428-97CB-135CC0B7A49E}"
EndProject
Project("{2150E333-8FDC-42A3-9474-1A3956D46DE8}") = "Solution Items", "Solution Items", "{A5A81EB7-9D2E-491D-9163-BAD64EE6BC8F}"
	ProjectSection(SolutionItems) = preProject
		..\CHANGELOG.md = ..\CHANGELOG.md
		MVP.txt = MVP.txt
		PowerShellProtect.psd1 = PowerShellProtect.psd1
		PowerShellProtect.psm1 = PowerShellProtect.psm1
	EndProjectSection
EndProject
Project("{9A19103F-16F7-4668-BE54-9A1E7A4F7556}") = "Engine.Tests", "Engine.Tests\Engine.Tests.csproj", "{BA584F5F-41F0-4274-8B2D-E575A6DC30B0}"
EndProject
Project("{FAE04EC0-301F-11D3-BF4B-00C04F79EFBC}") = "Engine.TestConsole", "Engine.TestConsole\Engine.TestConsole.csproj", "{C36985EF-2A80-4048-AB5E-0EC19626BE9D}"
EndProject
Project("{9A19103F-16F7-4668-BE54-9A1E7A4F7556}") = "PowerShellProtect", "PowerShellProtect\PowerShellProtect.csproj", "{FD65A94D-D6AA-432D-A265-C1149F723827}"
EndProject
Global
	GlobalSection(SolutionConfigurationPlatforms) = preSolution
		Debug|Any CPU = Debug|Any CPU
		Debug|x64 = Debug|x64
		Debug|x86 = Debug|x86
		Release|Any CPU = Release|Any CPU
		Release|x64 = Release|x64
		Release|x86 = Release|x86
	EndGlobalSection
	GlobalSection(ProjectConfigurationPlatforms) = postSolution
		{58B32FCA-F385-4500-9A8E-7CBA1FC9BA13}.Debug|Any CPU.ActiveCfg = Debug|Win32
		{58B32FCA-F385-4500-9A8E-7CBA1FC9BA13}.Debug|x64.ActiveCfg = Debug|x64
		{58B32FCA-F385-4500-9A8E-7CBA1FC9BA13}.Debug|x64.Build.0 = Debug|x64
		{58B32FCA-F385-4500-9A8E-7CBA1FC9BA13}.Debug|x86.ActiveCfg = Debug|Win32
		{58B32FCA-F385-4500-9A8E-7CBA1FC9BA13}.Debug|x86.Build.0 = Debug|Win32
		{58B32FCA-F385-4500-9A8E-7CBA1FC9BA13}.Release|Any CPU.ActiveCfg = Release|Win32
		{58B32FCA-F385-4500-9A8E-7CBA1FC9BA13}.Release|x64.ActiveCfg = Release|x64
		{58B32FCA-F385-4500-9A8E-7CBA1FC9BA13}.Release|x64.Build.0 = Release|x64
		{58B32FCA-F385-4500-9A8E-7CBA1FC9BA13}.Release|x86.ActiveCfg = Release|Win32
		{58B32FCA-F385-4500-9A8E-7CBA1FC9BA13}.Release|x86.Build.0 = Release|Win32
		{DE30D5C1-83DC-4428-97CB-135CC0B7A49E}.Debug|Any CPU.ActiveCfg = Debug|Any CPU
		{DE30D5C1-83DC-4428-97CB-135CC0B7A49E}.Debug|Any CPU.Build.0 = Debug|Any CPU
		{DE30D5C1-83DC-4428-97CB-135CC0B7A49E}.Debug|x64.ActiveCfg = Debug|Any CPU
		{DE30D5C1-83DC-4428-97CB-135CC0B7A49E}.Debug|x64.Build.0 = Debug|Any CPU
		{DE30D5C1-83DC-4428-97CB-135CC0B7A49E}.Debug|x86.ActiveCfg = Debug|Any CPU
		{DE30D5C1-83DC-4428-97CB-135CC0B7A49E}.Debug|x86.Build.0 = Debug|Any CPU
		{DE30D5C1-83DC-4428-97CB-135CC0B7A49E}.Release|Any CPU.ActiveCfg = Release|Any CPU
		{DE30D5C1-83DC-4428-97CB-135CC0B7A49E}.Release|Any CPU.Build.0 = Release|Any CPU
		{DE30D5C1-83DC-4428-97CB-135CC0B7A49E}.Release|x64.ActiveCfg = Release|Any CPU
		{DE30D5C1-83DC-4428-97CB-135CC0B7A49E}.Release|x64.Build.0 = Release|Any CPU
		{DE30D5C1-83DC-4428-97CB-135CC0B7A49E}.Release|x86.ActiveCfg = Release|Any CPU
		{DE30D5C1-83DC-4428-97CB-135CC0B7A49E}.Release|x86.Build.0 = Release|Any CPU
		{BA584F5F-41F0-4274-8B2D-E575A6DC30B0}.Debug|Any CPU.ActiveCfg = Debug|Any CPU
		{BA584F5F-41F0-4274-8B2D-E575A6DC30B0}.Debug|Any CPU.Build.0 = Debug|Any CPU
		{BA584F5F-41F0-4274-8B2D-E575A6DC30B0}.Debug|x64.ActiveCfg = Debug|Any CPU
		{BA584F5F-41F0-4274-8B2D-E575A6DC30B0}.Debug|x64.Build.0 = Debug|Any CPU
		{BA584F5F-41F0-4274-8B2D-E575A6DC30B0}.Debug|x86.ActiveCfg = Debug|Any CPU
		{BA584F5F-41F0-4274-8B2D-E575A6DC30B0}.Debug|x86.Build.0 = Debug|Any CPU
		{BA584F5F-41F0-4274-8B2D-E575A6DC30B0}.Release|Any CPU.ActiveCfg = Release|Any CPU
		{BA584F5F-41F0-4274-8B2D-E575A6DC30B0}.Release|Any CPU.Build.0 = Release|Any CPU
		{BA584F5F-41F0-4274-8B2D-E575A6DC30B0}.Release|x64.ActiveCfg = Release|Any CPU
		{BA584F5F-41F0-4274-8B2D-E575A6DC30B0}.Release|x64.Build.0 = Release|Any CPU
		{BA584F5F-41F0-4274-8B2D-E575A6DC30B0}.Release|x86.ActiveCfg = Release|Any CPU
		{BA584F5F-41F0-4274-8B2D-E575A6DC30B0}.Release|x86.Build.0 = Release|Any CPU
		{C36985EF-2A80-4048-AB5E-0EC19626BE9D}.Debug|Any CPU.ActiveCfg = Debug|Any CPU
		{C36985EF-2A80-4048-AB5E-0EC19626BE9D}.Debug|Any CPU.Build.0 = Debug|Any CPU
		{C36985EF-2A80-4048-AB5E-0EC19626BE9D}.Debug|x64.ActiveCfg = Debug|Any CPU
		{C36985EF-2A80-4048-AB5E-0EC19626BE9D}.Debug|x64.Build.0 = Debug|Any CPU
		{C36985EF-2A80-4048-AB5E-0EC19626BE9D}.Debug|x86.ActiveCfg = Debug|Any CPU
		{C36985EF-2A80-4048-AB5E-0EC19626BE9D}.Debug|x86.Build.0 = Debug|Any CPU
		{C36985EF-2A80-4048-AB5E-0EC19626BE9D}.Release|Any CPU.ActiveCfg = Release|Any CPU
		{C36985EF-2A80-4048-AB5E-0EC19626BE9D}.Release|Any CPU.Build.0 = Release|Any CPU
		{C36985EF-2A80-4048-AB5E-0EC19626BE9D}.Release|x64.ActiveCfg = Release|Any CPU
		{C36985EF-2A80-4048-AB5E-0EC19626BE9D}.Release|x64.Build.0 = Release|Any CPU
		{C36985EF-2A80-4048-AB5E-0EC19626BE9D}.Release|x86.ActiveCfg = Release|Any CPU
		{C36985EF-2A80-4048-AB5E-0EC19626BE9D}.Release|x86.Build.0 = Release|Any CPU
		{FD65A94D-D6AA-432D-A265-C1149F723827}.Debug|Any CPU.ActiveCfg = Debug|Any CPU
		{FD65A94D-D6AA-432D-A265-C1149F723827}.Debug|Any CPU.Build.0 = Debug|Any CPU
		{FD65A94D-D6AA-432D-A265-C1149F723827}.Debug|x64.ActiveCfg = Debug|Any CPU
		{FD65A94D-D6AA-432D-A265-C1149F723827}.Debug|x64.Build.0 = Debug|Any CPU
		{FD65A94D-D6AA-432D-A265-C1149F723827}.Debug|x86.ActiveCfg = Debug|Any CPU
		{FD65A94D-D6AA-432D-A265-C1149F723827}.Debug|x86.Build.0 = Debug|Any CPU
		{FD65A94D-D6AA-432D-A265-C1149F723827}.Release|Any CPU.ActiveCfg = Release|Any CPU
		{FD65A94D-D6AA-432D-A265-C1149F723827}.Release|Any CPU.Build.0 = Release|Any CPU
		{FD65A94D-D6AA-432D-A265-C1149F723827}.Release|x64.ActiveCfg = Release|Any CPU
		{FD65A94D-D6AA-432D-A265-C1149F723827}.Release|x64.Build.0 = Release|Any CPU
		{FD65A94D-D6AA-432D-A265-C1149F723827}.Release|x86.ActiveCfg = Release|Any CPU
		{FD65A94D-D6AA-432D-A265-C1149F723827}.Release|x86.Build.0 = Release|Any CPU
		{1BBBE809-D5B3-4BAD-BC35-64DBE9402C88}.Debug|Any CPU.ActiveCfg = Debug|Any CPU
		{1BBBE809-D5B3-4BAD-BC35-64DBE9402C88}.Debug|Any CPU.Build.0 = Debug|Any CPU
		{1BBBE809-D5B3-4BAD-BC35-64DBE9402C88}.Debug|x64.ActiveCfg = Debug|Any CPU
		{1BBBE809-D5B3-4BAD-BC35-64DBE9402C88}.Debug|x64.Build.0 = Debug|Any CPU
		{1BBBE809-D5B3-4BAD-BC35-64DBE9402C88}.Debug|x86.ActiveCfg = Debug|Any CPU
		{1BBBE809-D5B3-4BAD-BC35-64DBE9402C88}.Debug|x86.Build.0 = Debug|Any CPU
		{1BBBE809-D5B3-4BAD-BC35-64DBE9402C88}.Release|Any CPU.ActiveCfg = Release|Any CPU
		{1BBBE809-D5B3-4BAD-BC35-64DBE9402C88}.Release|Any CPU.Build.0 = Release|Any CPU
		{1BBBE809-D5B3-4BAD-BC35-64DBE9402C88}.Release|x64.ActiveCfg = Release|Any CPU
		{1BBBE809-D5B3-4BAD-BC35-64DBE9402C88}.Release|x64.Build.0 = Release|Any CPU
		{1BBBE809-D5B3-4BAD-BC35-64DBE9402C88}.Release|x86.ActiveCfg = Release|Any CPU
		{1BBBE809-D5B3-4BAD-BC35-64DBE9402C88}.Release|x86.Build.0 = Release|Any CPU
	EndGlobalSection
	GlobalSection(SolutionProperties) = preSolution
		HideSolutionNode = FALSE
	EndGlobalSection
	GlobalSection(ExtensibilityGlobals) = postSolution
		SolutionGuid = {5C5A6A8C-50D7-4CDD-AD3E-AC2F73128E3C}
	EndGlobalSection
EndGlobal
